
Microsoft Visual Studio Solution File, Format Version 12.00
# Visual Studio Version 17
VisualStudioVersion = 17.10.35027.167
MinimumVisualStudioVersion = 10.0.40219.1
Project("{8BC9CEB8-8B4A-11D0-8D11-00A0C91BC942}") = "SDL_RECT", "SDL_RECT\SDL_RECT.vcxproj", "{5DE8A9DA-D8E1-4034-8994-81943C3CC0E2}"
EndProject
Global
	GlobalSection(SolutionConfigurationPlatforms) = preSolution
		Debug|x64 = Debug|x64
		Debug|x86 = Debug|x86
		Release|x64 = Release|x64
		Release|x86 = Release|x86
	EndGlobalSection
	GlobalSection(ProjectConfigurationPlatforms) = postSolution
		{5DE8A9DA-D8E1-4034-8994-81943C3CC0E2}.Debug|x64.ActiveCfg = Debug|x64
		{5DE8A9DA-D8E1-4034-8994-81943C3CC0E2}.Debug|x64.Build.0 = Debug|x64
		{5DE8A9DA-D8E1-4034-8994-81943C3CC0E2}.Debug|x86.ActiveCfg = Debug|Win32
		{5DE8A9DA-D8E1-4034-8994-81943C3CC0E2}.Debug|x86.Build.0 = Debug|Win32
		{5DE8A9DA-D8E1-4034-8994-81943C3CC0E2}.Release|x64.ActiveCfg = Release|x64
		{5DE8A9DA-D8E1-4034-8994-81943C3CC0E2}.Release|x64.Build.0 = Release|x64
		{5DE8A9DA-D8E1-4034-8994-81943C3CC0E2}.Release|x86.ActiveCfg = Release|Win32
		{5DE8A9DA-D8E1-4034-8994-81943C3CC0E2}.Release|x86.Build.0 = Release|Win32
	EndGlobalSection
	GlobalSection(SolutionProperties) = preSolution
		HideSolutionNode = FALSE
	EndGlobalSection
	GlobalSection(ExtensibilityGlobals) = postSolution
		SolutionGuid = {022F951B-9599-4422-A1E4-111E61CD0A1D}
	EndGlobalSection
EndGlobal
